{
  "nodes": {
    "ectoolSrc": {
      "flake": false,
      "locked": {
        "host": "gitlab.howett.net",
        "lastModified": 1713926465,
        "narHash": "sha256-SHRnyqicFlviBDu3aH+uKVUstVxpIhZV6JSuZOgOwXU=",
        "owner": "DHowett",
        "repo": "ectool",
        "rev": "39d64fb0e79e874cfe9877af69158fc2520b1a80",
        "type": "gitlab"
      },
      "original": {
        "host": "gitlab.howett.net",
        "owner": "DHowett",
        "repo": "ectool",
        "type": "gitlab"
      }
    },
    "flake-utils": {
      "inputs": {
        "systems": "systems"
      },
      "locked": {
        "lastModified": 1710146030,
        "narHash": "sha256-SZ5L6eA7HJ/nmkzGG7/ISclqe6oZdOZTNoesiInkXPQ=",
        "owner": "numtide",
        "repo": "flake-utils",
        "rev": "b1d9ab70662946ef0850d488da1c9019f3a9752a",
        "type": "github"
      },
      "original": {
        "id": "flake-utils",
        "type": "indirect"
      }
    },
    "framework": {
      "inputs": {
        "fw-ectool": "fw-ectool",
        "home-manager": [
          "home-manager"
        ],
        "nixos-hardware": "nixos-hardware",
        "nixpkgs": "nixpkgs_2",
        "this": "this"
      },
      "locked": {
        "lastModified": 1,
        "narHash": "sha256-FrrIJbCGYijRugeN7bmL0a0i8IG/2Rji+E52wGdtxww=",
        "path": "./hosts/framework",
        "type": "path"
      },
      "original": {
        "path": "./hosts/framework",
        "type": "path"
      }
    },
    "fw-ectool": {
      "inputs": {
        "ectoolSrc": "ectoolSrc",
        "flake-utils": "flake-utils",
        "nixpkgs": "nixpkgs"
      },
      "locked": {
        "dir": "modules/flakes/fw-ectool",
        "dirtyRev": "af2ef2cf2c3347f8c0a21e3e2fa20df92256c74f-dirty",
        "dirtyShortRev": "af2ef2c-dirty",
        "lastModified": 1715118430,
        "narHash": "sha256-F4QmF4vWDh+h0MtlhaGy7ZTfoOJ4bNnt/nH44X6Zbuk=",
        "type": "git",
        "url": "file:.?dir=modules/flakes/fw-ectool"
      },
      "original": {
        "dir": "modules/flakes/fw-ectool",
        "type": "git",
        "url": "file:.?dir=modules/flakes/fw-ectool"
      }
    },
    "home-manager": {
      "inputs": {
        "nixpkgs": [
          "nixpkgs"
        ]
      },
      "locked": {
        "lastModified": 1715077503,
        "narHash": "sha256-AfHQshzLQfUqk/efMtdebHaQHqVntCMjhymQzVFLes0=",
        "owner": "nix-community",
        "repo": "home-manager",
        "rev": "6e277d9566de9976f47228dd8c580b97488734d4",
        "type": "github"
      },
      "original": {
        "owner": "nix-community",
        "repo": "home-manager",
        "type": "github"
      }
    },
    "nixos-hardware": {
      "locked": {
        "lastModified": 1715010655,
        "narHash": "sha256-FmdhvR/hgBkPDvIv/HOEIQsSMaVXh8wvTrnep8dF3Jc=",
        "owner": "nixos",
        "repo": "nixos-hardware",
        "rev": "d1659c9eb8af718118fb4bbe2c86797c8b8623eb",
        "type": "github"
      },
      "original": {
        "owner": "nixos",
        "ref": "master",
        "repo": "nixos-hardware",
        "type": "github"
      }
    },
    "nixpkgs": {
      "locked": {
        "lastModified": 1714906307,
        "narHash": "sha256-UlRZtrCnhPFSJlDQE7M0eyhgvuuHBTe1eJ9N9AQlJQ0=",
        "owner": "nixos",
        "repo": "nixpkgs",
        "rev": "25865a40d14b3f9cf19f19b924e2ab4069b09588",
        "type": "github"
      },
      "original": {
        "owner": "nixos",
        "ref": "nixos-unstable",
        "repo": "nixpkgs",
        "type": "github"
      }
    },
    "nixpkgs_2": {
      "locked": {
        "lastModified": 1714906307,
        "narHash": "sha256-UlRZtrCnhPFSJlDQE7M0eyhgvuuHBTe1eJ9N9AQlJQ0=",
        "owner": "nixos",
        "repo": "nixpkgs",
        "rev": "25865a40d14b3f9cf19f19b924e2ab4069b09588",
        "type": "github"
      },
      "original": {
        "owner": "nixos",
        "ref": "nixos-unstable",
        "repo": "nixpkgs",
        "type": "github"
      }
    },
    "nixpkgs_3": {
      "locked": {
        "lastModified": 1714906307,
        "narHash": "sha256-UlRZtrCnhPFSJlDQE7M0eyhgvuuHBTe1eJ9N9AQlJQ0=",
        "owner": "nixos",
        "repo": "nixpkgs",
        "rev": "25865a40d14b3f9cf19f19b924e2ab4069b09588",
        "type": "github"
      },
      "original": {
        "owner": "nixos",
        "ref": "nixos-unstable",
        "repo": "nixpkgs",
        "type": "github"
      }
    },
    "root": {
      "inputs": {
        "framework": "framework",
        "home-manager": "home-manager",
        "nixpkgs": "nixpkgs_3"
      }
    },
    "systems": {
      "locked": {
        "lastModified": 1681028828,
        "narHash": "sha256-Vy1rq5AaRuLzOxct8nz4T6wlgyUR7zLU309k9mBC768=",
        "owner": "nix-systems",
        "repo": "default",
        "rev": "da67096a3b9bf56a91d16901293e51ba5b49a27e",
        "type": "github"
      },
      "original": {
        "owner": "nix-systems",
        "repo": "default",
        "type": "github"
      }
    },
    "this": {
      "flake": false,
      "locked": {
        "dirtyRev": "af2ef2cf2c3347f8c0a21e3e2fa20df92256c74f-dirty",
        "dirtyShortRev": "af2ef2c-dirty",
        "lastModified": 1715118430,
        "narHash": "sha256-F4QmF4vWDh+h0MtlhaGy7ZTfoOJ4bNnt/nH44X6Zbuk=",
        "type": "git",
        "url": "file:."
      },
      "original": {
        "type": "git",
        "url": "file:."
      }
    }
  },
  "root": "root",
  "version": 7
}
